
Microsoft Visual Studio Solution File, Format Version 12.00
# Visual Studio Version 16
VisualStudioVersion = 16.0.29709.97
MinimumVisualStudioVersion = 10.0.40219.1
Project("{E24C65DC-7377-472B-9ABA-BC803B73C61A}") = "fjt.api", "fjt.api", "{AE02EAD6-1CF7-418F-BF77-924E56EA8A1A}"
	ProjectSection(WebsiteProperties) = preProject
		SccProjectName = "SAK"
		SccAuxPath = "SAK"
		SccLocalPath = "SAK"
		SccProvider = "SAK"
		TargetFrameworkMoniker = ".NETFramework,Version%3Dv4.0"
		Debug.AspNetCompiler.VirtualPath = "/localhost_23997"
		Debug.AspNetCompiler.PhysicalPath = "fjt.api\"
		Debug.AspNetCompiler.TargetPath = "PrecompiledWeb\localhost_23997\"
		Debug.AspNetCompiler.Updateable = "true"
		Debug.AspNetCompiler.ForceOverwrite = "true"
		Debug.AspNetCompiler.FixedNames = "false"
		Debug.AspNetCompiler.Debug = "True"
		Release.AspNetCompiler.VirtualPath = "/localhost_23997"
		Release.AspNetCompiler.PhysicalPath = "fjt.api\"
		Release.AspNetCompiler.TargetPath = "PrecompiledWeb\localhost_23997\"
		Release.AspNetCompiler.Updateable = "true"
		Release.AspNetCompiler.ForceOverwrite = "true"
		Release.AspNetCompiler.FixedNames = "false"
		Release.AspNetCompiler.Debug = "False"
		VWDPort = "23997"
		SlnRelativePath = "fjt.api\"
	EndProjectSection
EndProject
Project("{E24C65DC-7377-472B-9ABA-BC803B73C61A}") = "fjt.ui", "fjt.ui", "{F8FC1F84-D87A-402E-AE89-5E6A6CF562A1}"
	ProjectSection(WebsiteProperties) = preProject
		SccProjectName = "SAK"
		SccAuxPath = "SAK"
		SccLocalPath = "SAK"
		SccProvider = "SAK"
		TargetFrameworkMoniker = ".NETFramework,Version%3Dv4.0"
		Debug.AspNetCompiler.VirtualPath = "/localhost_24009"
		Debug.AspNetCompiler.PhysicalPath = "fjt.ui\"
		Debug.AspNetCompiler.TargetPath = "PrecompiledWeb\localhost_24009\"
		Debug.AspNetCompiler.Updateable = "true"
		Debug.AspNetCompiler.ForceOverwrite = "true"
		Debug.AspNetCompiler.FixedNames = "false"
		Debug.AspNetCompiler.Debug = "True"
		Release.AspNetCompiler.VirtualPath = "/localhost_24009"
		Release.AspNetCompiler.PhysicalPath = "fjt.ui\"
		Release.AspNetCompiler.TargetPath = "PrecompiledWeb\localhost_24009\"
		Release.AspNetCompiler.Updateable = "true"
		Release.AspNetCompiler.ForceOverwrite = "true"
		Release.AspNetCompiler.FixedNames = "false"
		Release.AspNetCompiler.Debug = "False"
		VWDPort = "24009"
		SlnRelativePath = "fjt.ui\"
	EndProjectSection
EndProject
Project("{FAE04EC0-301F-11D3-BF4B-00C04F79EFBC}") = "fjt.pricingservice", "fjt.pricingservice\fjt.pricingservice.csproj", "{6FB801FF-80FF-4070-8753-B651C2C45B99}"
EndProject
Project("{FAE04EC0-301F-11D3-BF4B-00C04F79EFBC}") = "fjt.emailservice", "fjt.emailservice\fjt.emailservice.csproj", "{3016EC06-7557-434B-A90D-1C461FA57FA9}"
EndProject
Project("{FAE04EC0-301F-11D3-BF4B-00C04F79EFBC}") = "FJT.Reporting", "FJT.Reporting\FJT.Reporting.csproj", "{1A69541D-609F-4F08-9702-F9DF0DB9C411}"
EndProject
Project("{FAE04EC0-301F-11D3-BF4B-00C04F79EFBC}") = "FJT.Scanner", "FJT.Scanner\FJT.Scanner.csproj", "{72302856-5B0F-4460-997A-3DEC0DA58754}"
EndProject
Project("{FAE04EC0-301F-11D3-BF4B-00C04F79EFBC}") = "FJT.AutoBackup", "FJT.AutoBackup\FJT.AutoBackup.csproj", "{9C5B2A78-3280-4B71-86BE-76BECB60116C}"
EndProject
Project("{FAE04EC0-301F-11D3-BF4B-00C04F79EFBC}") = "FJT.ServiceUtility", "FJT.ServiceUtility\FJT.ServiceUtility.csproj", "{076F51E8-AC27-45DE-B6BB-EC40989FD419}"
EndProject
Project("{9A19103F-16F7-4668-BE54-9A1E7A4F7556}") = "FJT.IdentityServer", "FJT.IdentityServer\FJT.IdentityServer.csproj", "{F1EDF203-3454-4FD8-8CC6-47741A64740E}"
EndProject
Project("{FAE04EC0-301F-11D3-BF4B-00C04F79EFBC}") = "FJT.Utility", "FJT.Utility\FJT.Utility.csproj", "{92F00AE0-AB84-44D2-B2F0-DC3C32A269DB}"
EndProject
Project("{9A19103F-16F7-4668-BE54-9A1E7A4F7556}") = "FJT.ReportViewer", "FJT.ReportViewer\FJT.ReportViewer.csproj", "{AE3EACAE-8ECD-4563-A86C-C048A3F49741}"
EndProject
Project("{9A19103F-16F7-4668-BE54-9A1E7A4F7556}") = "FJT.ReportDesigner", "FJT.ReportDesigner\FJT.ReportDesigner.csproj", "{75A8DA0B-A19E-4097-9A41-967AE31933B1}"
EndProject
Project("{FAE04EC0-301F-11D3-BF4B-00C04F79EFBC}") = "FJT.Replication", "FJT.Replication\FJT.Replication.csproj", "{928CF93A-EBEF-4FFA-8BBF-56289DFC3C96}"
EndProject
Global
	GlobalSection(SolutionConfigurationPlatforms) = preSolution
		Debug|Any CPU = Debug|Any CPU
		Release|Any CPU = Release|Any CPU
	EndGlobalSection
	GlobalSection(ProjectConfigurationPlatforms) = postSolution
		{AE02EAD6-1CF7-418F-BF77-924E56EA8A1A}.Debug|Any CPU.ActiveCfg = Debug|Any CPU
		{AE02EAD6-1CF7-418F-BF77-924E56EA8A1A}.Release|Any CPU.ActiveCfg = Debug|Any CPU
		{AE02EAD6-1CF7-418F-BF77-924E56EA8A1A}.Release|Any CPU.Build.0 = Debug|Any CPU
		{F8FC1F84-D87A-402E-AE89-5E6A6CF562A1}.Debug|Any CPU.ActiveCfg = Debug|Any CPU
		{F8FC1F84-D87A-402E-AE89-5E6A6CF562A1}.Release|Any CPU.ActiveCfg = Debug|Any CPU
		{F8FC1F84-D87A-402E-AE89-5E6A6CF562A1}.Release|Any CPU.Build.0 = Debug|Any CPU
		{6FB801FF-80FF-4070-8753-B651C2C45B99}.Debug|Any CPU.ActiveCfg = Debug|Any CPU
		{6FB801FF-80FF-4070-8753-B651C2C45B99}.Debug|Any CPU.Build.0 = Debug|Any CPU
		{6FB801FF-80FF-4070-8753-B651C2C45B99}.Release|Any CPU.ActiveCfg = Release|Any CPU
		{6FB801FF-80FF-4070-8753-B651C2C45B99}.Release|Any CPU.Build.0 = Release|Any CPU
		{3016EC06-7557-434B-A90D-1C461FA57FA9}.Debug|Any CPU.ActiveCfg = Debug|Any CPU
		{3016EC06-7557-434B-A90D-1C461FA57FA9}.Debug|Any CPU.Build.0 = Debug|Any CPU
		{3016EC06-7557-434B-A90D-1C461FA57FA9}.Release|Any CPU.ActiveCfg = Release|Any CPU
		{3016EC06-7557-434B-A90D-1C461FA57FA9}.Release|Any CPU.Build.0 = Release|Any CPU
		{1A69541D-609F-4F08-9702-F9DF0DB9C411}.Debug|Any CPU.ActiveCfg = Debug|Any CPU
		{1A69541D-609F-4F08-9702-F9DF0DB9C411}.Debug|Any CPU.Build.0 = Debug|Any CPU
		{1A69541D-609F-4F08-9702-F9DF0DB9C411}.Release|Any CPU.ActiveCfg = Release|Any CPU
		{1A69541D-609F-4F08-9702-F9DF0DB9C411}.Release|Any CPU.Build.0 = Release|Any CPU
		{72302856-5B0F-4460-997A-3DEC0DA58754}.Debug|Any CPU.ActiveCfg = Debug|Any CPU
		{72302856-5B0F-4460-997A-3DEC0DA58754}.Debug|Any CPU.Build.0 = Debug|Any CPU
		{72302856-5B0F-4460-997A-3DEC0DA58754}.Release|Any CPU.ActiveCfg = Release|Any CPU
		{72302856-5B0F-4460-997A-3DEC0DA58754}.Release|Any CPU.Build.0 = Release|Any CPU
		{9C5B2A78-3280-4B71-86BE-76BECB60116C}.Debug|Any CPU.ActiveCfg = Debug|Any CPU
		{9C5B2A78-3280-4B71-86BE-76BECB60116C}.Debug|Any CPU.Build.0 = Debug|Any CPU
		{9C5B2A78-3280-4B71-86BE-76BECB60116C}.Release|Any CPU.ActiveCfg = Release|Any CPU
		{9C5B2A78-3280-4B71-86BE-76BECB60116C}.Release|Any CPU.Build.0 = Release|Any CPU
		{076F51E8-AC27-45DE-B6BB-EC40989FD419}.Debug|Any CPU.ActiveCfg = Debug|Any CPU
		{076F51E8-AC27-45DE-B6BB-EC40989FD419}.Debug|Any CPU.Build.0 = Debug|Any CPU
		{076F51E8-AC27-45DE-B6BB-EC40989FD419}.Release|Any CPU.ActiveCfg = Release|Any CPU
		{076F51E8-AC27-45DE-B6BB-EC40989FD419}.Release|Any CPU.Build.0 = Release|Any CPU
		{F1EDF203-3454-4FD8-8CC6-47741A64740E}.Debug|Any CPU.ActiveCfg = Debug|Any CPU
		{F1EDF203-3454-4FD8-8CC6-47741A64740E}.Debug|Any CPU.Build.0 = Debug|Any CPU
		{F1EDF203-3454-4FD8-8CC6-47741A64740E}.Release|Any CPU.ActiveCfg = Release|Any CPU
		{F1EDF203-3454-4FD8-8CC6-47741A64740E}.Release|Any CPU.Build.0 = Release|Any CPU
		{92F00AE0-AB84-44D2-B2F0-DC3C32A269DB}.Debug|Any CPU.ActiveCfg = Debug|Any CPU
		{92F00AE0-AB84-44D2-B2F0-DC3C32A269DB}.Debug|Any CPU.Build.0 = Debug|Any CPU
		{92F00AE0-AB84-44D2-B2F0-DC3C32A269DB}.Release|Any CPU.ActiveCfg = Release|Any CPU
		{92F00AE0-AB84-44D2-B2F0-DC3C32A269DB}.Release|Any CPU.Build.0 = Release|Any CPU
		{AE3EACAE-8ECD-4563-A86C-C048A3F49741}.Debug|Any CPU.ActiveCfg = Debug|Any CPU
		{AE3EACAE-8ECD-4563-A86C-C048A3F49741}.Debug|Any CPU.Build.0 = Debug|Any CPU
		{AE3EACAE-8ECD-4563-A86C-C048A3F49741}.Release|Any CPU.ActiveCfg = Release|Any CPU
		{AE3EACAE-8ECD-4563-A86C-C048A3F49741}.Release|Any CPU.Build.0 = Release|Any CPU
		{75A8DA0B-A19E-4097-9A41-967AE31933B1}.Debug|Any CPU.ActiveCfg = Debug|Any CPU
		{75A8DA0B-A19E-4097-9A41-967AE31933B1}.Debug|Any CPU.Build.0 = Debug|Any CPU
		{75A8DA0B-A19E-4097-9A41-967AE31933B1}.Release|Any CPU.ActiveCfg = Release|Any CPU
		{75A8DA0B-A19E-4097-9A41-967AE31933B1}.Release|Any CPU.Build.0 = Release|Any CPU
		{928CF93A-EBEF-4FFA-8BBF-56289DFC3C96}.Debug|Any CPU.ActiveCfg = Debug|Any CPU
		{928CF93A-EBEF-4FFA-8BBF-56289DFC3C96}.Debug|Any CPU.Build.0 = Debug|Any CPU
		{928CF93A-EBEF-4FFA-8BBF-56289DFC3C96}.Release|Any CPU.ActiveCfg = Release|Any CPU
		{928CF93A-EBEF-4FFA-8BBF-56289DFC3C96}.Release|Any CPU.Build.0 = Release|Any CPU
	EndGlobalSection
	GlobalSection(SolutionProperties) = preSolution
		HideSolutionNode = FALSE
	EndGlobalSection
	GlobalSection(ExtensibilityGlobals) = postSolution
		SolutionGuid = {FEDA3654-E898-4F00-A2A4-F26EFCCF91C5}
	EndGlobalSection
	GlobalSection(TeamFoundationVersionControl) = preSolution
		SccNumberOfProjects = 14
		SccEnterpriseProvider = {4CA58AB2-18FA-4F8D-95D4-32DDF27D184C}
		SccTeamFoundationServer = https://dev.azure.com/zflexnet
		SccLocalPath0 = .
		SccProjectUniqueName1 = fjt.pricingservice\\fjt.pricingservice.csproj
		SccProjectName1 = fjt.pricingservice
		SccLocalPath1 = fjt.pricingservice
		SccProjectUniqueName2 = fjt.emailservice\\fjt.emailservice.csproj
		SccProjectName2 = fjt.emailservice
		SccLocalPath2 = fjt.emailservice
		SccProjectUniqueName3 = FJT.Reporting\\FJT.Reporting.csproj
		SccProjectName3 = FJT.Reporting
		SccLocalPath3 = FJT.Reporting
		SccProjectUniqueName4 = FJT.Scanner\\FJT.Scanner.csproj
		SccProjectName4 = FJT.Scanner
		SccLocalPath4 = FJT.Scanner
		SccProjectUniqueName5 = FJT.AutoBackup\\FJT.AutoBackup.csproj
		SccProjectName5 = FJT.AutoBackup
		SccLocalPath5 = FJT.AutoBackup
		SccProjectUniqueName6 = FJT.ServiceUtility\\FJT.ServiceUtility.csproj
		SccProjectName6 = FJT.ServiceUtility
		SccLocalPath6 = FJT.ServiceUtility
		SccProjectUniqueName7 = FJT.IdentityServer\\FJT.IdentityServer.csproj
		SccProjectName7 = FJT.IdentityServer
		SccLocalPath7 = FJT.IdentityServer
		SccWebProject8 = true
		SccProjectUniqueName8 = fjt.api
		SccProjectName8 = fjt.api
		SccLocalPath8 = fjt.api
		SccProjectEnlistmentChoice8 = 2
		SccWebProject9 = true
		SccProjectUniqueName9 = fjt.ui
		SccProjectName9 = fjt.ui
		SccLocalPath9 = fjt.ui
		SccProjectEnlistmentChoice9 = 2
		SccProjectUniqueName10 = FJT.ReportViewer\\FJT.ReportViewer.csproj
		SccProjectName10 = FJT.ReportViewer
		SccLocalPath10 = FJT.ReportViewer
		SccProjectUniqueName11 = FJT.ReportDesigner\\FJT.ReportDesigner.csproj
		SccProjectName11 = FJT.ReportDesigner
		SccLocalPath11 = FJT.ReportDesigner
		SccProjectUniqueName12 = FJT.Utility\\FJT.Utility.csproj
		SccProjectName12 = FJT.Utility
		SccLocalPath12 = FJT.Utility
		SccProjectUniqueName13 = FJT.Replication\\FJT.Replication.csproj
		SccProjectName13 = FJT.Replication
		SccLocalPath13 = FJT.Replication
	EndGlobalSection
	GlobalSection(TeamFoundationVersionControl) = preSolution
		SccNumberOfProjects = 15
		SccEnterpriseProvider = {4CA58AB2-18FA-4F8D-95D4-32DDF27D184C}
		SccTeamFoundationServer = https://dev.azure.com/zflexnet
		SccLocalPath0 = .
		SccProjectUniqueName1 = fjt.pricingservice\\fjt.pricingservice.csproj
		SccProjectName1 = fjt.pricingservice
		SccLocalPath1 = fjt.pricingservice
		SccProjectUniqueName2 = fjt.emailservice\\fjt.emailservice.csproj
		SccProjectName2 = fjt.emailservice
		SccLocalPath2 = fjt.emailservice
		SccProjectUniqueName3 = FJT.Reporting\\FJT.Reporting.csproj
		SccProjectName3 = FJT.Reporting
		SccLocalPath3 = FJT.Reporting
		SccProjectUniqueName4 = FJT.Scanner\\FJT.Scanner.csproj
		SccProjectName4 = FJT.Scanner
		SccLocalPath4 = FJT.Scanner
		SccProjectUniqueName5 = FJT.AutoBackup\\FJT.AutoBackup.csproj
		SccProjectName5 = FJT.AutoBackup
		SccLocalPath5 = FJT.AutoBackup
		SccProjectUniqueName6 = FJT.ServiceUtility\\FJT.ServiceUtility.csproj
		SccProjectName6 = FJT.ServiceUtility
		SccLocalPath6 = FJT.ServiceUtility
		SccProjectUniqueName7 = FJT.IdentityServer\\FJT.IdentityServer.csproj
		SccProjectName7 = FJT.IdentityServer
		SccLocalPath7 = FJT.IdentityServer
		SccWebProject8 = true
		SccProjectUniqueName8 = fjt.api
		SccProjectName8 = fjt.api
		SccLocalPath8 = fjt.api
		SccProjectEnlistmentChoice8 = 2
		SccWebProject9 = true
		SccProjectUniqueName9 = fjt.ui
		SccProjectName9 = fjt.ui
		SccLocalPath9 = fjt.ui
		SccProjectEnlistmentChoice9 = 2
		SccWebProject10 = true
		SccProjectUniqueName10 = FJT-Reporting.API
		SccProjectName10 = FJT-Reporting.API
		SccLocalPath10 = FJT-Reporting.API
		SccProjectEnlistmentChoice10 = 2
		SccWebProject11 = true
		SccProjectUniqueName11 = FJT-Reporting.UI
		SccProjectName11 = FJT-Reporting.UI
		SccLocalPath11 = FJT-Reporting.UI
		SccProjectEnlistmentChoice11 = 2
		SccProjectUniqueName12 = FJT.ReportViewer\\FJT.ReportViewer.csproj
		SccProjectName12 = FJT.ReportViewer
		SccLocalPath12 = FJT.ReportViewer
		SccProjectUniqueName13 = FJT.ReportDesigner\\FJT.ReportDesigner.csproj
		SccProjectName13 = FJT.ReportDesigner
		SccLocalPath13 = FJT.ReportDesigner
		SccProjectUniqueName14 = FJT.IdentityServer\\FJT.IdentityServer.csproj
		SccProjectName14 = FJT.IdentityServer
		SccLocalPath14 = FJT.IdentityServer
		SccProjectUniqueName15 = FJT.Utility\\FJT.Utility.csproj
		SccProjectName15 = FJT.Utility
		SccLocalPath15 = FJT.Utility
	EndGlobalSection
EndGlobal
